// !$*UTF8*$!
{
	archiveVersion = 1;
	classes = {
	};
	objectVersion = 50;
	objects = {

/* Begin PBXBuildFile section */
		AC0C272A26262C5600A80B06 /* HomeView.swift in Sources */ = {isa = PBXBuildFile; fileRef = AC0C272926262C5600A80B06 /* HomeView.swift */; };
		AC0C272D26262CC200A80B06 /* HomeProtocols.swift in Sources */ = {isa = PBXBuildFile; fileRef = AC0C272C26262CC200A80B06 /* HomeProtocols.swift */; };
		AC5026FA26263739001651B3 /* HomeRouter.swift in Sources */ = {isa = PBXBuildFile; fileRef = AC5026F926263739001651B3 /* HomeRouter.swift */; };
		AC5026FD262638AE001651B3 /* ABNavigationController.swift in Sources */ = {isa = PBXBuildFile; fileRef = AC5026FC262638AE001651B3 /* ABNavigationController.swift */; };
		AC5056BF26264596004E5F1C /* CatalogProtocols.swift in Sources */ = {isa = PBXBuildFile; fileRef = AC5056BE26264596004E5F1C /* CatalogProtocols.swift */; };
		AC5056C2262645E7004E5F1C /* CatalogPresenter.swift in Sources */ = {isa = PBXBuildFile; fileRef = AC5056C1262645E7004E5F1C /* CatalogPresenter.swift */; };
		AC5056C626264644004E5F1C /* CatalogView.swift in Sources */ = {isa = PBXBuildFile; fileRef = AC5056C526264644004E5F1C /* CatalogView.swift */; };
		AC5056C926264723004E5F1C /* ABNavigationBar.swift in Sources */ = {isa = PBXBuildFile; fileRef = AC5056C826264723004E5F1C /* ABNavigationBar.swift */; };
		AC5056CD2626486D004E5F1C /* ABNavigationBarItem.swift in Sources */ = {isa = PBXBuildFile; fileRef = AC5056CC2626486D004E5F1C /* ABNavigationBarItem.swift */; };
		AC51054B260AABED009FD540 /* AppDelegate.swift in Sources */ = {isa = PBXBuildFile; fileRef = AC51054A260AABED009FD540 /* AppDelegate.swift */; };
		AC51054D260AABED009FD540 /* SceneDelegate.swift in Sources */ = {isa = PBXBuildFile; fileRef = AC51054C260AABED009FD540 /* SceneDelegate.swift */; };
		AC510554260AABED009FD540 /* Assets.xcassets in Resources */ = {isa = PBXBuildFile; fileRef = AC510553260AABED009FD540 /* Assets.xcassets */; };
		AC510557260AABED009FD540 /* LaunchScreen.storyboard in Resources */ = {isa = PBXBuildFile; fileRef = AC510555260AABED009FD540 /* LaunchScreen.storyboard */; };
		AC510566260AAC62009FD540 /* RoundIconView.swift in Sources */ = {isa = PBXBuildFile; fileRef = AC510565260AAC62009FD540 /* RoundIconView.swift */; };
		AC51056B260AB038009FD540 /* HomePresenter.swift in Sources */ = {isa = PBXBuildFile; fileRef = AC51056A260AB038009FD540 /* HomePresenter.swift */; };
		AC61D30C260C7E11001F2B48 /* ProductImageView.swift in Sources */ = {isa = PBXBuildFile; fileRef = AC61D30B260C7E11001F2B48 /* ProductImageView.swift */; };
		AC61D310260C7E7C001F2B48 /* ProductItemView.swift in Sources */ = {isa = PBXBuildFile; fileRef = AC61D30F260C7E7C001F2B48 /* ProductItemView.swift */; };
		AC61D314260C895B001F2B48 /* UIColorEx.swift in Sources */ = {isa = PBXBuildFile; fileRef = AC61D313260C895B001F2B48 /* UIColorEx.swift */; };
		AC6D15AD260E13B200052E18 /* SectionHeaderView.swift in Sources */ = {isa = PBXBuildFile; fileRef = AC6D15AC260E13B200052E18 /* SectionHeaderView.swift */; };
		AC9F417B260BE0D600EB8427 /* RoundItemCell.swift in Sources */ = {isa = PBXBuildFile; fileRef = AC9F417A260BE0D600EB8427 /* RoundItemCell.swift */; };
		AC9F417F260BE68600EB8427 /* RoundItemsCollectionView.swift in Sources */ = {isa = PBXBuildFile; fileRef = AC9F417E260BE68600EB8427 /* RoundItemsCollectionView.swift */; };
		ACA3BCF626264C4900CB815C /* SquaredButton.swift in Sources */ = {isa = PBXBuildFile; fileRef = ACA3BCF526264C4900CB815C /* SquaredButton.swift */; };
		ACA3BCFE262651E900CB815C /* TitleLabel.swift in Sources */ = {isa = PBXBuildFile; fileRef = ACA3BCFD262651E900CB815C /* TitleLabel.swift */; };
		ACA3BD0126265DE500CB815C /* ABNavigationBarEmptyItem.swift in Sources */ = {isa = PBXBuildFile; fileRef = ACA3BD0026265DE500CB815C /* ABNavigationBarEmptyItem.swift */; };
		ACA3BD0426265E6500CB815C /* Constants.swift in Sources */ = {isa = PBXBuildFile; fileRef = ACA3BD0326265E6500CB815C /* Constants.swift */; };
		ACA3BD08262663B300CB815C /* ABNavigationBarDelegate.swift in Sources */ = {isa = PBXBuildFile; fileRef = ACA3BD07262663B300CB815C /* ABNavigationBarDelegate.swift */; };
		ACA3BD0F2626686600CB815C /* CatalogRouter.swift in Sources */ = {isa = PBXBuildFile; fileRef = ACA3BD0E2626686600CB815C /* CatalogRouter.swift */; };
		ACB71E1B2610983700B8D0D0 /* ABTabBarController.swift in Sources */ = {isa = PBXBuildFile; fileRef = ACB71E1A2610983700B8D0D0 /* ABTabBarController.swift */; };
		ACB71E1F26109C9F00B8D0D0 /* SearchTextField.swift in Sources */ = {isa = PBXBuildFile; fileRef = ACB71E1E26109C9F00B8D0D0 /* SearchTextField.swift */; };
		ACB71E232610A6A800B8D0D0 /* RoundedButton.swift in Sources */ = {isa = PBXBuildFile; fileRef = ACB71E222610A6A800B8D0D0 /* RoundedButton.swift */; };
		ACC6EC6B260DD67600174E06 /* ProductItemCell.swift in Sources */ = {isa = PBXBuildFile; fileRef = ACC6EC6A260DD67600174E06 /* ProductItemCell.swift */; };
		ACC6EC6E260DD9A800174E06 /* ProductItemsCollectionView.swift in Sources */ = {isa = PBXBuildFile; fileRef = ACC6EC6D260DD9A800174E06 /* ProductItemsCollectionView.swift */; };
		ACC6EC71260DE3F600174E06 /* HomeCollectionView.swift in Sources */ = {isa = PBXBuildFile; fileRef = ACC6EC70260DE3F600174E06 /* HomeCollectionView.swift */; };
		ACC6EC75260DEA0900174E06 /* HomeSection.swift in Sources */ = {isa = PBXBuildFile; fileRef = ACC6EC74260DEA0900174E06 /* HomeSection.swift */; };
		ACC6EC78260DEA2600174E06 /* HomeItem.swift in Sources */ = {isa = PBXBuildFile; fileRef = ACC6EC77260DEA2600174E06 /* HomeItem.swift */; };
		ACC6EC7C260DEB0700174E06 /* ProductItemCellModel.swift in Sources */ = {isa = PBXBuildFile; fileRef = ACC6EC7B260DEB0700174E06 /* ProductItemCellModel.swift */; };
		ACC6EC80260DEB3600174E06 /* RoundItemCellModel.swift in Sources */ = {isa = PBXBuildFile; fileRef = ACC6EC7F260DEB3600174E06 /* RoundItemCellModel.swift */; };
		ACD01F5C260BD899009A17CE /* RoundItemView.swift in Sources */ = {isa = PBXBuildFile; fileRef = ACD01F5B260BD899009A17CE /* RoundItemView.swift */; };
		ACD05C4A260F4DAC007CAEB2 /* HeaderButton.swift in Sources */ = {isa = PBXBuildFile; fileRef = ACD05C49260F4DAC007CAEB2 /* HeaderButton.swift */; };
		ACF6ED8B262C6A0C00C8825A /* ABSegmentedControl.swift in Sources */ = {isa = PBXBuildFile; fileRef = ACF6ED8A262C6A0C00C8825A /* ABSegmentedControl.swift */; };
		ACF6ED8E262C6B8D00C8825A /* ABSegmentButton.swift in Sources */ = {isa = PBXBuildFile; fileRef = ACF6ED8D262C6B8D00C8825A /* ABSegmentButton.swift */; };
		ACF6ED92262C710C00C8825A /* ABSegmentedControlDelegate.swift in Sources */ = {isa = PBXBuildFile; fileRef = ACF6ED91262C710C00C8825A /* ABSegmentedControlDelegate.swift */; };
/* End PBXBuildFile section */

/* Begin PBXFileReference section */
		AC0C272926262C5600A80B06 /* HomeView.swift */ = {isa = PBXFileReference; lastKnownFileType = sourcecode.swift; path = HomeView.swift; sourceTree = "<group>"; };
		AC0C272C26262CC200A80B06 /* HomeProtocols.swift */ = {isa = PBXFileReference; lastKnownFileType = sourcecode.swift; path = HomeProtocols.swift; sourceTree = "<group>"; };
		AC5026F926263739001651B3 /* HomeRouter.swift */ = {isa = PBXFileReference; lastKnownFileType = sourcecode.swift; path = HomeRouter.swift; sourceTree = "<group>"; };
		AC5026FC262638AE001651B3 /* ABNavigationController.swift */ = {isa = PBXFileReference; lastKnownFileType = sourcecode.swift; path = ABNavigationController.swift; sourceTree = "<group>"; };
		AC5056BE26264596004E5F1C /* CatalogProtocols.swift */ = {isa = PBXFileReference; lastKnownFileType = sourcecode.swift; path = CatalogProtocols.swift; sourceTree = "<group>"; };
		AC5056C1262645E7004E5F1C /* CatalogPresenter.swift */ = {isa = PBXFileReference; lastKnownFileType = sourcecode.swift; path = CatalogPresenter.swift; sourceTree = "<group>"; };
		AC5056C526264644004E5F1C /* CatalogView.swift */ = {isa = PBXFileReference; lastKnownFileType = sourcecode.swift; path = CatalogView.swift; sourceTree = "<group>"; };
		AC5056C826264723004E5F1C /* ABNavigationBar.swift */ = {isa = PBXFileReference; lastKnownFileType = sourcecode.swift; path = ABNavigationBar.swift; sourceTree = "<group>"; };
		AC5056CC2626486D004E5F1C /* ABNavigationBarItem.swift */ = {isa = PBXFileReference; lastKnownFileType = sourcecode.swift; path = ABNavigationBarItem.swift; sourceTree = "<group>"; };
		AC510547260AABED009FD540 /* UrodShop.app */ = {isa = PBXFileReference; explicitFileType = wrapper.application; includeInIndex = 0; path = UrodShop.app; sourceTree = BUILT_PRODUCTS_DIR; };
		AC51054A260AABED009FD540 /* AppDelegate.swift */ = {isa = PBXFileReference; lastKnownFileType = sourcecode.swift; path = AppDelegate.swift; sourceTree = "<group>"; };
		AC51054C260AABED009FD540 /* SceneDelegate.swift */ = {isa = PBXFileReference; lastKnownFileType = sourcecode.swift; path = SceneDelegate.swift; sourceTree = "<group>"; };
		AC510553260AABED009FD540 /* Assets.xcassets */ = {isa = PBXFileReference; lastKnownFileType = folder.assetcatalog; path = Assets.xcassets; sourceTree = "<group>"; };
		AC510556260AABED009FD540 /* Base */ = {isa = PBXFileReference; lastKnownFileType = file.storyboard; name = Base; path = Base.lproj/LaunchScreen.storyboard; sourceTree = "<group>"; };
		AC510558260AABED009FD540 /* Info.plist */ = {isa = PBXFileReference; lastKnownFileType = text.plist.xml; path = Info.plist; sourceTree = "<group>"; };
		AC510565260AAC62009FD540 /* RoundIconView.swift */ = {isa = PBXFileReference; lastKnownFileType = sourcecode.swift; path = RoundIconView.swift; sourceTree = "<group>"; };
		AC51056A260AB038009FD540 /* HomePresenter.swift */ = {isa = PBXFileReference; lastKnownFileType = sourcecode.swift; path = HomePresenter.swift; sourceTree = "<group>"; };
		AC61D30B260C7E11001F2B48 /* ProductImageView.swift */ = {isa = PBXFileReference; lastKnownFileType = sourcecode.swift; path = ProductImageView.swift; sourceTree = "<group>"; };
		AC61D30F260C7E7C001F2B48 /* ProductItemView.swift */ = {isa = PBXFileReference; lastKnownFileType = sourcecode.swift; path = ProductItemView.swift; sourceTree = "<group>"; };
		AC61D313260C895B001F2B48 /* UIColorEx.swift */ = {isa = PBXFileReference; lastKnownFileType = sourcecode.swift; path = UIColorEx.swift; sourceTree = "<group>"; };
		AC6D15AC260E13B200052E18 /* SectionHeaderView.swift */ = {isa = PBXFileReference; lastKnownFileType = sourcecode.swift; path = SectionHeaderView.swift; sourceTree = "<group>"; };
		AC9F417A260BE0D600EB8427 /* RoundItemCell.swift */ = {isa = PBXFileReference; lastKnownFileType = sourcecode.swift; path = RoundItemCell.swift; sourceTree = "<group>"; };
		AC9F417E260BE68600EB8427 /* RoundItemsCollectionView.swift */ = {isa = PBXFileReference; lastKnownFileType = sourcecode.swift; path = RoundItemsCollectionView.swift; sourceTree = "<group>"; };
		ACA3BCF526264C4900CB815C /* SquaredButton.swift */ = {isa = PBXFileReference; lastKnownFileType = sourcecode.swift; path = SquaredButton.swift; sourceTree = "<group>"; };
		ACA3BCFD262651E900CB815C /* TitleLabel.swift */ = {isa = PBXFileReference; lastKnownFileType = sourcecode.swift; path = TitleLabel.swift; sourceTree = "<group>"; };
		ACA3BD0026265DE500CB815C /* ABNavigationBarEmptyItem.swift */ = {isa = PBXFileReference; lastKnownFileType = sourcecode.swift; path = ABNavigationBarEmptyItem.swift; sourceTree = "<group>"; };
		ACA3BD0326265E6500CB815C /* Constants.swift */ = {isa = PBXFileReference; lastKnownFileType = sourcecode.swift; path = Constants.swift; sourceTree = "<group>"; };
		ACA3BD07262663B300CB815C /* ABNavigationBarDelegate.swift */ = {isa = PBXFileReference; lastKnownFileType = sourcecode.swift; path = ABNavigationBarDelegate.swift; sourceTree = "<group>"; };
		ACA3BD0E2626686600CB815C /* CatalogRouter.swift */ = {isa = PBXFileReference; lastKnownFileType = sourcecode.swift; path = CatalogRouter.swift; sourceTree = "<group>"; };
		ACB71E1A2610983700B8D0D0 /* ABTabBarController.swift */ = {isa = PBXFileReference; lastKnownFileType = sourcecode.swift; path = ABTabBarController.swift; sourceTree = "<group>"; };
		ACB71E1E26109C9F00B8D0D0 /* SearchTextField.swift */ = {isa = PBXFileReference; lastKnownFileType = sourcecode.swift; path = SearchTextField.swift; sourceTree = "<group>"; };
		ACB71E222610A6A800B8D0D0 /* RoundedButton.swift */ = {isa = PBXFileReference; lastKnownFileType = sourcecode.swift; path = RoundedButton.swift; sourceTree = "<group>"; };
		ACC6EC6A260DD67600174E06 /* ProductItemCell.swift */ = {isa = PBXFileReference; lastKnownFileType = sourcecode.swift; path = ProductItemCell.swift; sourceTree = "<group>"; };
		ACC6EC6D260DD9A800174E06 /* ProductItemsCollectionView.swift */ = {isa = PBXFileReference; lastKnownFileType = sourcecode.swift; path = ProductItemsCollectionView.swift; sourceTree = "<group>"; };
		ACC6EC70260DE3F600174E06 /* HomeCollectionView.swift */ = {isa = PBXFileReference; lastKnownFileType = sourcecode.swift; path = HomeCollectionView.swift; sourceTree = "<group>"; };
		ACC6EC74260DEA0900174E06 /* HomeSection.swift */ = {isa = PBXFileReference; lastKnownFileType = sourcecode.swift; path = HomeSection.swift; sourceTree = "<group>"; };
		ACC6EC77260DEA2600174E06 /* HomeItem.swift */ = {isa = PBXFileReference; lastKnownFileType = sourcecode.swift; path = HomeItem.swift; sourceTree = "<group>"; };
		ACC6EC7B260DEB0700174E06 /* ProductItemCellModel.swift */ = {isa = PBXFileReference; lastKnownFileType = sourcecode.swift; path = ProductItemCellModel.swift; sourceTree = "<group>"; };
		ACC6EC7F260DEB3600174E06 /* RoundItemCellModel.swift */ = {isa = PBXFileReference; lastKnownFileType = sourcecode.swift; path = RoundItemCellModel.swift; sourceTree = "<group>"; };
		ACD01F5B260BD899009A17CE /* RoundItemView.swift */ = {isa = PBXFileReference; lastKnownFileType = sourcecode.swift; path = RoundItemView.swift; sourceTree = "<group>"; };
		ACD05C49260F4DAC007CAEB2 /* HeaderButton.swift */ = {isa = PBXFileReference; lastKnownFileType = sourcecode.swift; path = HeaderButton.swift; sourceTree = "<group>"; };
		ACF6ED8A262C6A0C00C8825A /* ABSegmentedControl.swift */ = {isa = PBXFileReference; lastKnownFileType = sourcecode.swift; path = ABSegmentedControl.swift; sourceTree = "<group>"; };
		ACF6ED8D262C6B8D00C8825A /* ABSegmentButton.swift */ = {isa = PBXFileReference; lastKnownFileType = sourcecode.swift; path = ABSegmentButton.swift; sourceTree = "<group>"; };
		ACF6ED91262C710C00C8825A /* ABSegmentedControlDelegate.swift */ = {isa = PBXFileReference; lastKnownFileType = sourcecode.swift; path = ABSegmentedControlDelegate.swift; sourceTree = "<group>"; };
/* End PBXFileReference section */

/* Begin PBXFrameworksBuildPhase section */
		AC510544260AABED009FD540 /* Frameworks */ = {
			isa = PBXFrameworksBuildPhase;
			buildActionMask = 2147483647;
			files = (
			);
			runOnlyForDeploymentPostprocessing = 0;
		};
/* End PBXFrameworksBuildPhase section */

/* Begin PBXGroup section */
		AC5056BC26264502004E5F1C /* Catalog */ = {
			isa = PBXGroup;
			children = (
				AC5056C1262645E7004E5F1C /* CatalogPresenter.swift */,
				AC5056C526264644004E5F1C /* CatalogView.swift */,
				ACA3BD0E2626686600CB815C /* CatalogRouter.swift */,
				AC5056BE26264596004E5F1C /* CatalogProtocols.swift */,
			);
			path = Catalog;
			sourceTree = "<group>";
		};
		AC5056CB2626485F004E5F1C /* NavigationBar */ = {
			isa = PBXGroup;
			children = (
				AC5056C826264723004E5F1C /* ABNavigationBar.swift */,
				AC5056CC2626486D004E5F1C /* ABNavigationBarItem.swift */,
				ACA3BD0026265DE500CB815C /* ABNavigationBarEmptyItem.swift */,
				ACA3BD07262663B300CB815C /* ABNavigationBarDelegate.swift */,
			);
			path = NavigationBar;
			sourceTree = "<group>";
		};
		AC51053E260AABED009FD540 = {
			isa = PBXGroup;
			children = (
				AC510549260AABED009FD540 /* UrodShop */,
				AC510548260AABED009FD540 /* Products */,
			);
			sourceTree = "<group>";
		};
		AC510548260AABED009FD540 /* Products */ = {
			isa = PBXGroup;
			children = (
				AC510547260AABED009FD540 /* UrodShop.app */,
			);
			name = Products;
			sourceTree = "<group>";
		};
		AC510549260AABED009FD540 /* UrodShop */ = {
			isa = PBXGroup;
			children = (
				AC510568260AB01B009FD540 /* Modules */,
				AC510564260AAC36009FD540 /* Views+Cells */,
				AC61D312260C8941001F2B48 /* BaseExtensions */,
				AC510560260AAC0E009FD540 /* SupportingFiles */,
			);
			path = UrodShop;
			sourceTree = "<group>";
		};
		AC510560260AAC0E009FD540 /* SupportingFiles */ = {
			isa = PBXGroup;
			children = (
				ACA3BD0326265E6500CB815C /* Constants.swift */,
				AC51054A260AABED009FD540 /* AppDelegate.swift */,
				AC51054C260AABED009FD540 /* SceneDelegate.swift */,
				AC510553260AABED009FD540 /* Assets.xcassets */,
				AC510555260AABED009FD540 /* LaunchScreen.storyboard */,
				AC510558260AABED009FD540 /* Info.plist */,
			);
			path = SupportingFiles;
			sourceTree = "<group>";
		};
		AC510564260AAC36009FD540 /* Views+Cells */ = {
			isa = PBXGroup;
			children = (
				AC6D15AC260E13B200052E18 /* SectionHeaderView.swift */,
				ACB71E1E26109C9F00B8D0D0 /* SearchTextField.swift */,
				ACA3BCFD262651E900CB815C /* TitleLabel.swift */,
				AC5056CB2626485F004E5F1C /* NavigationBar */,
				AC9F417D260BE5C400EB8427 /* CollectionViews */,
				AC9F4179260BE0BD00EB8427 /* RoundItem */,
				AC61D30A260C7DD8001F2B48 /* ProductItem */,
				ACD05C47260F4D89007CAEB2 /* Buttons */,
				AC77AD0D2629938700C1A8B2 /* ABSegmentedControl */,
			);
			path = "Views+Cells";
			sourceTree = "<group>";
		};
		AC510568260AB01B009FD540 /* Modules */ = {
			isa = PBXGroup;
			children = (
				ACB71E1A2610983700B8D0D0 /* ABTabBarController.swift */,
				AC5026FC262638AE001651B3 /* ABNavigationController.swift */,
				AC510569260AB021009FD540 /* Home */,
				AC5056BC26264502004E5F1C /* Catalog */,
			);
			path = Modules;
			sourceTree = "<group>";
		};
		AC510569260AB021009FD540 /* Home */ = {
			isa = PBXGroup;
			children = (
				AC51056A260AB038009FD540 /* HomePresenter.swift */,
				AC0C272926262C5600A80B06 /* HomeView.swift */,
				AC5026F926263739001651B3 /* HomeRouter.swift */,
				AC0C272C26262CC200A80B06 /* HomeProtocols.swift */,
				ACC6EC73260DE9E100174E06 /* HomeCollectionView */,
			);
			path = Home;
			sourceTree = "<group>";
		};
		AC61D30A260C7DD8001F2B48 /* ProductItem */ = {
			isa = PBXGroup;
			children = (
				AC61D30B260C7E11001F2B48 /* ProductImageView.swift */,
				AC61D30F260C7E7C001F2B48 /* ProductItemView.swift */,
				ACC6EC7E260DEB1400174E06 /* Cell */,
			);
			path = ProductItem;
			sourceTree = "<group>";
		};
		AC61D312260C8941001F2B48 /* BaseExtensions */ = {
			isa = PBXGroup;
			children = (
				AC61D313260C895B001F2B48 /* UIColorEx.swift */,
			);
			path = BaseExtensions;
			sourceTree = "<group>";
		};
		AC77AD0D2629938700C1A8B2 /* ABSegmentedControl */ = {
			isa = PBXGroup;
			children = (
				ACF6ED8A262C6A0C00C8825A /* ABSegmentedControl.swift */,
				ACF6ED91262C710C00C8825A /* ABSegmentedControlDelegate.swift */,
				ACF6ED8D262C6B8D00C8825A /* ABSegmentButton.swift */,
			);
			path = ABSegmentedControl;
			sourceTree = "<group>";
		};
		AC9F4179260BE0BD00EB8427 /* RoundItem */ = {
			isa = PBXGroup;
			children = (
				AC510565260AAC62009FD540 /* RoundIconView.swift */,
				ACD01F5B260BD899009A17CE /* RoundItemView.swift */,
				ACC6EC83260DEB4100174E06 /* Cell */,
			);
			path = RoundItem;
			sourceTree = "<group>";
		};
		AC9F417D260BE5C400EB8427 /* CollectionViews */ = {
			isa = PBXGroup;
			children = (
				AC9F417E260BE68600EB8427 /* RoundItemsCollectionView.swift */,
				ACC6EC6D260DD9A800174E06 /* ProductItemsCollectionView.swift */,
			);
			path = CollectionViews;
			sourceTree = "<group>";
		};
		ACC6EC73260DE9E100174E06 /* HomeCollectionView */ = {
			isa = PBXGroup;
			children = (
				ACC6EC70260DE3F600174E06 /* HomeCollectionView.swift */,
				ACC6EC74260DEA0900174E06 /* HomeSection.swift */,
				ACC6EC77260DEA2600174E06 /* HomeItem.swift */,
			);
			path = HomeCollectionView;
			sourceTree = "<group>";
		};
		ACC6EC7E260DEB1400174E06 /* Cell */ = {
			isa = PBXGroup;
			children = (
				ACC6EC6A260DD67600174E06 /* ProductItemCell.swift */,
				ACC6EC7B260DEB0700174E06 /* ProductItemCellModel.swift */,
			);
			path = Cell;
			sourceTree = "<group>";
		};
		ACC6EC83260DEB4100174E06 /* Cell */ = {
			isa = PBXGroup;
			children = (
				AC9F417A260BE0D600EB8427 /* RoundItemCell.swift */,
				ACC6EC7F260DEB3600174E06 /* RoundItemCellModel.swift */,
			);
			path = Cell;
			sourceTree = "<group>";
		};
		ACD05C47260F4D89007CAEB2 /* Buttons */ = {
			isa = PBXGroup;
			children = (
				ACA3BCF526264C4900CB815C /* SquaredButton.swift */,
				ACB71E222610A6A800B8D0D0 /* RoundedButton.swift */,
				ACD05C49260F4DAC007CAEB2 /* HeaderButton.swift */,
			);
			path = Buttons;
			sourceTree = "<group>";
		};
/* End PBXGroup section */

/* Begin PBXNativeTarget section */
		AC510546260AABED009FD540 /* UrodShop */ = {
			isa = PBXNativeTarget;
			buildConfigurationList = AC51055B260AABED009FD540 /* Build configuration list for PBXNativeTarget "UrodShop" */;
			buildPhases = (
				AC510543260AABED009FD540 /* Sources */,
				AC510544260AABED009FD540 /* Frameworks */,
				AC510545260AABED009FD540 /* Resources */,
			);
			buildRules = (
			);
			dependencies = (
			);
			name = UrodShop;
			productName = UrodShop;
			productReference = AC510547260AABED009FD540 /* UrodShop.app */;
			productType = "com.apple.product-type.application";
		};
/* End PBXNativeTarget section */

/* Begin PBXProject section */
		AC51053F260AABED009FD540 /* Project object */ = {
			isa = PBXProject;
			attributes = {
				LastSwiftUpdateCheck = 1240;
				LastUpgradeCheck = 1240;
				TargetAttributes = {
					AC510546260AABED009FD540 = {
						CreatedOnToolsVersion = 12.4;
					};
				};
			};
			buildConfigurationList = AC510542260AABED009FD540 /* Build configuration list for PBXProject "UrodShop" */;
			compatibilityVersion = "Xcode 9.3";
			developmentRegion = en;
			hasScannedForEncodings = 0;
			knownRegions = (
				en,
				Base,
			);
			mainGroup = AC51053E260AABED009FD540;
			productRefGroup = AC510548260AABED009FD540 /* Products */;
			projectDirPath = "";
			projectRoot = "";
			targets = (
				AC510546260AABED009FD540 /* UrodShop */,
			);
		};
/* End PBXProject section */

/* Begin PBXResourcesBuildPhase section */
		AC510545260AABED009FD540 /* Resources */ = {
			isa = PBXResourcesBuildPhase;
			buildActionMask = 2147483647;
			files = (
				AC510557260AABED009FD540 /* LaunchScreen.storyboard in Resources */,
				AC510554260AABED009FD540 /* Assets.xcassets in Resources */,
			);
			runOnlyForDeploymentPostprocessing = 0;
		};
/* End PBXResourcesBuildPhase section */

/* Begin PBXSourcesBuildPhase section */
		AC510543260AABED009FD540 /* Sources */ = {
			isa = PBXSourcesBuildPhase;
			buildActionMask = 2147483647;
			files = (
				AC61D310260C7E7C001F2B48 /* ProductItemView.swift in Sources */,
				AC5056CD2626486D004E5F1C /* ABNavigationBarItem.swift in Sources */,
				AC5056C2262645E7004E5F1C /* CatalogPresenter.swift in Sources */,
				ACC6EC78260DEA2600174E06 /* HomeItem.swift in Sources */,
				AC5026FD262638AE001651B3 /* ABNavigationController.swift in Sources */,
				ACB71E1B2610983700B8D0D0 /* ABTabBarController.swift in Sources */,
				ACC6EC75260DEA0900174E06 /* HomeSection.swift in Sources */,
				AC0C272D26262CC200A80B06 /* HomeProtocols.swift in Sources */,
				AC61D30C260C7E11001F2B48 /* ProductImageView.swift in Sources */,
				AC51054B260AABED009FD540 /* AppDelegate.swift in Sources */,
				ACD01F5C260BD899009A17CE /* RoundItemView.swift in Sources */,
				ACC6EC7C260DEB0700174E06 /* ProductItemCellModel.swift in Sources */,
				ACF6ED92262C710C00C8825A /* ABSegmentedControlDelegate.swift in Sources */,
				AC510566260AAC62009FD540 /* RoundIconView.swift in Sources */,
				AC9F417F260BE68600EB8427 /* RoundItemsCollectionView.swift in Sources */,
				ACC6EC6E260DD9A800174E06 /* ProductItemsCollectionView.swift in Sources */,
				ACA3BCFE262651E900CB815C /* TitleLabel.swift in Sources */,
				ACB71E1F26109C9F00B8D0D0 /* SearchTextField.swift in Sources */,
				AC6D15AD260E13B200052E18 /* SectionHeaderView.swift in Sources */,
				AC5026FA26263739001651B3 /* HomeRouter.swift in Sources */,
				AC9F417B260BE0D600EB8427 /* RoundItemCell.swift in Sources */,
				ACF6ED8E262C6B8D00C8825A /* ABSegmentButton.swift in Sources */,
				ACC6EC6B260DD67600174E06 /* ProductItemCell.swift in Sources */,
				ACF6ED8B262C6A0C00C8825A /* ABSegmentedControl.swift in Sources */,
				AC51054D260AABED009FD540 /* SceneDelegate.swift in Sources */,
				AC5056C926264723004E5F1C /* ABNavigationBar.swift in Sources */,
				ACC6EC80260DEB3600174E06 /* RoundItemCellModel.swift in Sources */,
				ACB71E232610A6A800B8D0D0 /* RoundedButton.swift in Sources */,
				ACA3BD0426265E6500CB815C /* Constants.swift in Sources */,
				ACA3BD0126265DE500CB815C /* ABNavigationBarEmptyItem.swift in Sources */,
				ACA3BD0F2626686600CB815C /* CatalogRouter.swift in Sources */,
				ACA3BD08262663B300CB815C /* ABNavigationBarDelegate.swift in Sources */,
				AC5056C626264644004E5F1C /* CatalogView.swift in Sources */,
				AC61D314260C895B001F2B48 /* UIColorEx.swift in Sources */,
				AC51056B260AB038009FD540 /* HomePresenter.swift in Sources */,
				ACC6EC71260DE3F600174E06 /* HomeCollectionView.swift in Sources */,
				AC0C272A26262C5600A80B06 /* HomeView.swift in Sources */,
				AC5056BF26264596004E5F1C /* CatalogProtocols.swift in Sources */,
				ACD05C4A260F4DAC007CAEB2 /* HeaderButton.swift in Sources */,
				ACA3BCF626264C4900CB815C /* SquaredButton.swift in Sources */,
			);
			runOnlyForDeploymentPostprocessing = 0;
		};
/* End PBXSourcesBuildPhase section */

/* Begin PBXVariantGroup section */
		AC510555260AABED009FD540 /* LaunchScreen.storyboard */ = {
			isa = PBXVariantGroup;
			children = (
				AC510556260AABED009FD540 /* Base */,
			);
			name = LaunchScreen.storyboard;
			sourceTree = "<group>";
		};
/* End PBXVariantGroup section */

/* Begin XCBuildConfiguration section */
		AC510559260AABED009FD540 /* Debug */ = {
			isa = XCBuildConfiguration;
			buildSettings = {
				ALWAYS_SEARCH_USER_PATHS = NO;
				CLANG_ANALYZER_NONNULL = YES;
				CLANG_ANALYZER_NUMBER_OBJECT_CONVERSION = YES_AGGRESSIVE;
				CLANG_CXX_LANGUAGE_STANDARD = "gnu++14";
				CLANG_CXX_LIBRARY = "libc++";
				CLANG_ENABLE_MODULES = YES;
				CLANG_ENABLE_OBJC_ARC = YES;
				CLANG_ENABLE_OBJC_WEAK = YES;
				CLANG_WARN_BLOCK_CAPTURE_AUTORELEASING = YES;
				CLANG_WARN_BOOL_CONVERSION = YES;
				CLANG_WARN_COMMA = YES;
				CLANG_WARN_CONSTANT_CONVERSION = YES;
				CLANG_WARN_DEPRECATED_OBJC_IMPLEMENTATIONS = YES;
				CLANG_WARN_DIRECT_OBJC_ISA_USAGE = YES_ERROR;
				CLANG_WARN_DOCUMENTATION_COMMENTS = YES;
				CLANG_WARN_EMPTY_BODY = YES;
				CLANG_WARN_ENUM_CONVERSION = YES;
				CLANG_WARN_INFINITE_RECURSION = YES;
				CLANG_WARN_INT_CONVERSION = YES;
				CLANG_WARN_NON_LITERAL_NULL_CONVERSION = YES;
				CLANG_WARN_OBJC_IMPLICIT_RETAIN_SELF = YES;
				CLANG_WARN_OBJC_LITERAL_CONVERSION = YES;
				CLANG_WARN_OBJC_ROOT_CLASS = YES_ERROR;
				CLANG_WARN_QUOTED_INCLUDE_IN_FRAMEWORK_HEADER = YES;
				CLANG_WARN_RANGE_LOOP_ANALYSIS = YES;
				CLANG_WARN_STRICT_PROTOTYPES = YES;
				CLANG_WARN_SUSPICIOUS_MOVE = YES;
				CLANG_WARN_UNGUARDED_AVAILABILITY = YES_AGGRESSIVE;
				CLANG_WARN_UNREACHABLE_CODE = YES;
				CLANG_WARN__DUPLICATE_METHOD_MATCH = YES;
				COPY_PHASE_STRIP = NO;
				DEBUG_INFORMATION_FORMAT = dwarf;
				ENABLE_STRICT_OBJC_MSGSEND = YES;
				ENABLE_TESTABILITY = YES;
				GCC_C_LANGUAGE_STANDARD = gnu11;
				GCC_DYNAMIC_NO_PIC = NO;
				GCC_NO_COMMON_BLOCKS = YES;
				GCC_OPTIMIZATION_LEVEL = 0;
				GCC_PREPROCESSOR_DEFINITIONS = (
					"DEBUG=1",
					"$(inherited)",
				);
				GCC_WARN_64_TO_32_BIT_CONVERSION = YES;
				GCC_WARN_ABOUT_RETURN_TYPE = YES_ERROR;
				GCC_WARN_UNDECLARED_SELECTOR = YES;
				GCC_WARN_UNINITIALIZED_AUTOS = YES_AGGRESSIVE;
				GCC_WARN_UNUSED_FUNCTION = YES;
				GCC_WARN_UNUSED_VARIABLE = YES;
				IPHONEOS_DEPLOYMENT_TARGET = 14.4;
				MTL_ENABLE_DEBUG_INFO = INCLUDE_SOURCE;
				MTL_FAST_MATH = YES;
				ONLY_ACTIVE_ARCH = YES;
				SDKROOT = iphoneos;
				SWIFT_ACTIVE_COMPILATION_CONDITIONS = DEBUG;
				SWIFT_OPTIMIZATION_LEVEL = "-Onone";
			};
			name = Debug;
		};
		AC51055A260AABED009FD540 /* Release */ = {
			isa = XCBuildConfiguration;
			buildSettings = {
				ALWAYS_SEARCH_USER_PATHS = NO;
				CLANG_ANALYZER_NONNULL = YES;
				CLANG_ANALYZER_NUMBER_OBJECT_CONVERSION = YES_AGGRESSIVE;
				CLANG_CXX_LANGUAGE_STANDARD = "gnu++14";
				CLANG_CXX_LIBRARY = "libc++";
				CLANG_ENABLE_MODULES = YES;
				CLANG_ENABLE_OBJC_ARC = YES;
				CLANG_ENABLE_OBJC_WEAK = YES;
				CLANG_WARN_BLOCK_CAPTURE_AUTORELEASING = YES;
				CLANG_WARN_BOOL_CONVERSION = YES;
				CLANG_WARN_COMMA = YES;
				CLANG_WARN_CONSTANT_CONVERSION = YES;
				CLANG_WARN_DEPRECATED_OBJC_IMPLEMENTATIONS = YES;
				CLANG_WARN_DIRECT_OBJC_ISA_USAGE = YES_ERROR;
				CLANG_WARN_DOCUMENTATION_COMMENTS = YES;
				CLANG_WARN_EMPTY_BODY = YES;
				CLANG_WARN_ENUM_CONVERSION = YES;
				CLANG_WARN_INFINITE_RECURSION = YES;
				CLANG_WARN_INT_CONVERSION = YES;
				CLANG_WARN_NON_LITERAL_NULL_CONVERSION = YES;
				CLANG_WARN_OBJC_IMPLICIT_RETAIN_SELF = YES;
				CLANG_WARN_OBJC_LITERAL_CONVERSION = YES;
				CLANG_WARN_OBJC_ROOT_CLASS = YES_ERROR;
				CLANG_WARN_QUOTED_INCLUDE_IN_FRAMEWORK_HEADER = YES;
				CLANG_WARN_RANGE_LOOP_ANALYSIS = YES;
				CLANG_WARN_STRICT_PROTOTYPES = YES;
				CLANG_WARN_SUSPICIOUS_MOVE = YES;
				CLANG_WARN_UNGUARDED_AVAILABILITY = YES_AGGRESSIVE;
				CLANG_WARN_UNREACHABLE_CODE = YES;
				CLANG_WARN__DUPLICATE_METHOD_MATCH = YES;
				COPY_PHASE_STRIP = NO;
				DEBUG_INFORMATION_FORMAT = "dwarf-with-dsym";
				ENABLE_NS_ASSERTIONS = NO;
				ENABLE_STRICT_OBJC_MSGSEND = YES;
				GCC_C_LANGUAGE_STANDARD = gnu11;
				GCC_NO_COMMON_BLOCKS = YES;
				GCC_WARN_64_TO_32_BIT_CONVERSION = YES;
				GCC_WARN_ABOUT_RETURN_TYPE = YES_ERROR;
				GCC_WARN_UNDECLARED_SELECTOR = YES;
				GCC_WARN_UNINITIALIZED_AUTOS = YES_AGGRESSIVE;
				GCC_WARN_UNUSED_FUNCTION = YES;
				GCC_WARN_UNUSED_VARIABLE = YES;
				IPHONEOS_DEPLOYMENT_TARGET = 14.4;
				MTL_ENABLE_DEBUG_INFO = NO;
				MTL_FAST_MATH = YES;
				SDKROOT = iphoneos;
				SWIFT_COMPILATION_MODE = wholemodule;
				SWIFT_OPTIMIZATION_LEVEL = "-O";
				VALIDATE_PRODUCT = YES;
			};
			name = Release;
		};
		AC51055C260AABED009FD540 /* Debug */ = {
			isa = XCBuildConfiguration;
			buildSettings = {
				ASSETCATALOG_COMPILER_APPICON_NAME = AppIcon;
				ASSETCATALOG_COMPILER_GLOBAL_ACCENT_COLOR_NAME = AccentColor;
				CODE_SIGN_STYLE = Automatic;
				DEVELOPMENT_TEAM = 89WB9E7UEU;
				INFOPLIST_FILE = UrodShop/SupportingFiles/Info.plist;
				IPHONEOS_DEPLOYMENT_TARGET = 13.0;
				LD_RUNPATH_SEARCH_PATHS = (
					"$(inherited)",
					"@executable_path/Frameworks",
				);
				PRODUCT_BUNDLE_IDENTIFIER = com.bitsoev.UrodShop;
				PRODUCT_NAME = "$(TARGET_NAME)";
				SWIFT_VERSION = 5.0;
				TARGETED_DEVICE_FAMILY = 1;
			};
			name = Debug;
		};
		AC51055D260AABED009FD540 /* Release */ = {
			isa = XCBuildConfiguration;
			buildSettings = {
				ASSETCATALOG_COMPILER_APPICON_NAME = AppIcon;
				ASSETCATALOG_COMPILER_GLOBAL_ACCENT_COLOR_NAME = AccentColor;
				CODE_SIGN_STYLE = Automatic;
				DEVELOPMENT_TEAM = 89WB9E7UEU;
				INFOPLIST_FILE = UrodShop/SupportingFiles/Info.plist;
				IPHONEOS_DEPLOYMENT_TARGET = 13.0;
				LD_RUNPATH_SEARCH_PATHS = (
					"$(inherited)",
					"@executable_path/Frameworks",
				);
				PRODUCT_BUNDLE_IDENTIFIER = com.bitsoev.UrodShop;
				PRODUCT_NAME = "$(TARGET_NAME)";
				SWIFT_VERSION = 5.0;
				TARGETED_DEVICE_FAMILY = 1;
			};
			name = Release;
		};
/* End XCBuildConfiguration section */

/* Begin XCConfigurationList section */
		AC510542260AABED009FD540 /* Build configuration list for PBXProject "UrodShop" */ = {
			isa = XCConfigurationList;
			buildConfigurations = (
				AC510559260AABED009FD540 /* Debug */,
				AC51055A260AABED009FD540 /* Release */,
			);
			defaultConfigurationIsVisible = 0;
			defaultConfigurationName = Release;
		};
		AC51055B260AABED009FD540 /* Build configuration list for PBXNativeTarget "UrodShop" */ = {
			isa = XCConfigurationList;
			buildConfigurations = (
				AC51055C260AABED009FD540 /* Debug */,
				AC51055D260AABED009FD540 /* Release */,
			);
			defaultConfigurationIsVisible = 0;
			defaultConfigurationName = Release;
		};
/* End XCConfigurationList section */
	};
	rootObject = AC51053F260AABED009FD540 /* Project object */;
}
